
Microsoft Visual Studio Solution File, Format Version 12.00
# Visual Studio 15
VisualStudioVersion = 15.0.27703.2026
MinimumVisualStudioVersion = 10.0.40219.1
Project("{9A19103F-16F7-4668-BE54-9A1E7A4F7556}") = "BlogDemo.Api", "BlogDemo.Api\BlogDemo.Api.csproj", "{0B3B69DC-5AA7-4BEF-87FD-7D21F14CB337}"
EndProject
Project("{9A19103F-16F7-4668-BE54-9A1E7A4F7556}") = "BlogDemo.Core", "BlogDemo.Core\BlogDemo.Core.csproj", "{88F47A75-1BAB-4023-AB35-9DF4D7A8EA97}"
EndProject
Project("{9A19103F-16F7-4668-BE54-9A1E7A4F7556}") = "BlogDemo.Infrastructure", "BlogDemo.Infrastructure\BlogDemo.Infrastructure.csproj", "{C31DD04D-70F4-4E04-91D8-33BB9F4B5E9C}"
EndProject
Project("{9A19103F-16F7-4668-BE54-9A1E7A4F7556}") = "BlogIdp", "BlogIdp\BlogIdp.csproj", "{35CC6DA5-1806-43BA-B8ED-F2889D58169C}"
EndProject
Project("{FAE04EC0-301F-11D3-BF4B-00C04F79EFBC}") = "MVCClient", "MVCClient\MVCClient.csproj", "{B5C81498-835A-4D33-B761-439939BEE6A1}"
EndProject
Global
	GlobalSection(SolutionConfigurationPlatforms) = preSolution
		Debug|Any CPU = Debug|Any CPU
		Release|Any CPU = Release|Any CPU
	EndGlobalSection
	GlobalSection(ProjectConfigurationPlatforms) = postSolution
		{0B3B69DC-5AA7-4BEF-87FD-7D21F14CB337}.Debug|Any CPU.ActiveCfg = Debug|Any CPU
		{0B3B69DC-5AA7-4BEF-87FD-7D21F14CB337}.Debug|Any CPU.Build.0 = Debug|Any CPU
		{0B3B69DC-5AA7-4BEF-87FD-7D21F14CB337}.Release|Any CPU.ActiveCfg = Release|Any CPU
		{0B3B69DC-5AA7-4BEF-87FD-7D21F14CB337}.Release|Any CPU.Build.0 = Release|Any CPU
		{88F47A75-1BAB-4023-AB35-9DF4D7A8EA97}.Debug|Any CPU.ActiveCfg = Debug|Any CPU
		{88F47A75-1BAB-4023-AB35-9DF4D7A8EA97}.Debug|Any CPU.Build.0 = Debug|Any CPU
		{88F47A75-1BAB-4023-AB35-9DF4D7A8EA97}.Release|Any CPU.ActiveCfg = Release|Any CPU
		{88F47A75-1BAB-4023-AB35-9DF4D7A8EA97}.Release|Any CPU.Build.0 = Release|Any CPU
		{C31DD04D-70F4-4E04-91D8-33BB9F4B5E9C}.Debug|Any CPU.ActiveCfg = Debug|Any CPU
		{C31DD04D-70F4-4E04-91D8-33BB9F4B5E9C}.Debug|Any CPU.Build.0 = Debug|Any CPU
		{C31DD04D-70F4-4E04-91D8-33BB9F4B5E9C}.Release|Any CPU.ActiveCfg = Release|Any CPU
		{C31DD04D-70F4-4E04-91D8-33BB9F4B5E9C}.Release|Any CPU.Build.0 = Release|Any CPU
		{35CC6DA5-1806-43BA-B8ED-F2889D58169C}.Debug|Any CPU.ActiveCfg = Debug|Any CPU
		{35CC6DA5-1806-43BA-B8ED-F2889D58169C}.Debug|Any CPU.Build.0 = Debug|Any CPU
		{35CC6DA5-1806-43BA-B8ED-F2889D58169C}.Release|Any CPU.ActiveCfg = Release|Any CPU
		{35CC6DA5-1806-43BA-B8ED-F2889D58169C}.Release|Any CPU.Build.0 = Release|Any CPU
		{B5C81498-835A-4D33-B761-439939BEE6A1}.Debug|Any CPU.ActiveCfg = Debug|Any CPU
		{B5C81498-835A-4D33-B761-439939BEE6A1}.Debug|Any CPU.Build.0 = Debug|Any CPU
		{B5C81498-835A-4D33-B761-439939BEE6A1}.Release|Any CPU.ActiveCfg = Release|Any CPU
		{B5C81498-835A-4D33-B761-439939BEE6A1}.Release|Any CPU.Build.0 = Release|Any CPU
	EndGlobalSection
	GlobalSection(SolutionProperties) = preSolution
		HideSolutionNode = FALSE
	EndGlobalSection
	GlobalSection(ExtensibilityGlobals) = postSolution
		SolutionGuid = {D3458578-534D-479F-B624-4E6BCC29A1D7}
	EndGlobalSection
EndGlobal
